
Microsoft Visual Studio Solution File, Format Version 12.00
Project("{FAE04EC0-301F-11D3-BF4B-00C04F79EFBC}") = "AdventRunner", "AdventRunner\AdventRunner.csproj", "{7FF09D98-DB3A-4B58-8D39-0D9C734BBE69}"
EndProject
Project("{F2A71F9B-5D33-465A-A702-920D77279786}") = "Day1", "Day1\Day1.fsproj", "{9D42F28A-07A7-4B84-A261-0E5138000E9B}"
EndProject
Project("{F2A71F9B-5D33-465A-A702-920D77279786}") = "Day2", "Day2\Day2.fsproj", "{5DAC1DAC-E7C8-4DC9-8175-0111F0A11C2E}"
EndProject
Project("{F2A71F9B-5D33-465A-A702-920D77279786}") = "Day3", "Day3\Day3.fsproj", "{FC2F1D42-2870-4B31-9F8D-B2DB48F65122}"
EndProject
Project("{FAE04EC0-301F-11D3-BF4B-00C04F79EFBC}") = "Day4", "Day4\Day4.csproj", "{B4F9BB38-E611-408E-AE0C-B832B7D637CC}"
EndProject
Project("{F184B08F-C81C-45F6-A57F-5ABD9991F28F}") = "Day5", "Day5\Day5.vbproj", "{25D242BE-C349-4687-AFE7-44EE01BD4824}"
EndProject
Project("{FAE04EC0-301F-11D3-BF4B-00C04F79EFBC}") = "Day5CSharp", "Day5CSharp\Day5CSharp.csproj", "{59F64202-C26A-41B4-995F-2809E5BA14DD}"
EndProject
Global
	GlobalSection(SolutionConfigurationPlatforms) = preSolution
		Debug|Any CPU = Debug|Any CPU
		Release|Any CPU = Release|Any CPU
	EndGlobalSection
	GlobalSection(ProjectConfigurationPlatforms) = postSolution
		{7FF09D98-DB3A-4B58-8D39-0D9C734BBE69}.Debug|Any CPU.ActiveCfg = Debug|Any CPU
		{7FF09D98-DB3A-4B58-8D39-0D9C734BBE69}.Debug|Any CPU.Build.0 = Debug|Any CPU
		{7FF09D98-DB3A-4B58-8D39-0D9C734BBE69}.Release|Any CPU.ActiveCfg = Release|Any CPU
		{7FF09D98-DB3A-4B58-8D39-0D9C734BBE69}.Release|Any CPU.Build.0 = Release|Any CPU
		{9D42F28A-07A7-4B84-A261-0E5138000E9B}.Debug|Any CPU.ActiveCfg = Debug|Any CPU
		{9D42F28A-07A7-4B84-A261-0E5138000E9B}.Debug|Any CPU.Build.0 = Debug|Any CPU
		{9D42F28A-07A7-4B84-A261-0E5138000E9B}.Release|Any CPU.ActiveCfg = Release|Any CPU
		{9D42F28A-07A7-4B84-A261-0E5138000E9B}.Release|Any CPU.Build.0 = Release|Any CPU
		{5DAC1DAC-E7C8-4DC9-8175-0111F0A11C2E}.Debug|Any CPU.ActiveCfg = Debug|Any CPU
		{5DAC1DAC-E7C8-4DC9-8175-0111F0A11C2E}.Debug|Any CPU.Build.0 = Debug|Any CPU
		{5DAC1DAC-E7C8-4DC9-8175-0111F0A11C2E}.Release|Any CPU.ActiveCfg = Release|Any CPU
		{5DAC1DAC-E7C8-4DC9-8175-0111F0A11C2E}.Release|Any CPU.Build.0 = Release|Any CPU
		{FC2F1D42-2870-4B31-9F8D-B2DB48F65122}.Debug|Any CPU.ActiveCfg = Debug|Any CPU
		{FC2F1D42-2870-4B31-9F8D-B2DB48F65122}.Debug|Any CPU.Build.0 = Debug|Any CPU
		{FC2F1D42-2870-4B31-9F8D-B2DB48F65122}.Release|Any CPU.ActiveCfg = Release|Any CPU
		{FC2F1D42-2870-4B31-9F8D-B2DB48F65122}.Release|Any CPU.Build.0 = Release|Any CPU
		{B4F9BB38-E611-408E-AE0C-B832B7D637CC}.Debug|Any CPU.ActiveCfg = Debug|Any CPU
		{B4F9BB38-E611-408E-AE0C-B832B7D637CC}.Debug|Any CPU.Build.0 = Debug|Any CPU
		{B4F9BB38-E611-408E-AE0C-B832B7D637CC}.Release|Any CPU.ActiveCfg = Release|Any CPU
		{B4F9BB38-E611-408E-AE0C-B832B7D637CC}.Release|Any CPU.Build.0 = Release|Any CPU
		{25D242BE-C349-4687-AFE7-44EE01BD4824}.Debug|Any CPU.ActiveCfg = Debug|Any CPU
		{25D242BE-C349-4687-AFE7-44EE01BD4824}.Debug|Any CPU.Build.0 = Debug|Any CPU
		{25D242BE-C349-4687-AFE7-44EE01BD4824}.Release|Any CPU.ActiveCfg = Release|Any CPU
		{25D242BE-C349-4687-AFE7-44EE01BD4824}.Release|Any CPU.Build.0 = Release|Any CPU
		{59F64202-C26A-41B4-995F-2809E5BA14DD}.Debug|Any CPU.ActiveCfg = Debug|Any CPU
		{59F64202-C26A-41B4-995F-2809E5BA14DD}.Debug|Any CPU.Build.0 = Debug|Any CPU
		{59F64202-C26A-41B4-995F-2809E5BA14DD}.Release|Any CPU.ActiveCfg = Release|Any CPU
		{59F64202-C26A-41B4-995F-2809E5BA14DD}.Release|Any CPU.Build.0 = Release|Any CPU
	EndGlobalSection
EndGlobal
